// !$*UTF8*$!
{
	archiveVersion = 1;
	classes = {
	};
	objectVersion = 50;
	objects = {

/* Begin PBXBuildFile section */
		254B41CA20CEBA1100A0982C /* LaunchScreen.storyboard in Resources */ = {isa = PBXBuildFile; fileRef = 254B41C920CEBA1100A0982C /* LaunchScreen.storyboard */; };
		254B41CC20CEBA1B00A0982C /* Main.storyboard in Resources */ = {isa = PBXBuildFile; fileRef = 254B41CB20CEBA1B00A0982C /* Main.storyboard */; };
		254B41CF20CEBC3F00A0982C /* CounterLabel.swift in Sources */ = {isa = PBXBuildFile; fileRef = 254B41CE20CEBC3F00A0982C /* CounterLabel.swift */; };
		25F869E020CEB7E50048DCE2 /* AppDelegate.swift in Sources */ = {isa = PBXBuildFile; fileRef = 25F869DF20CEB7E50048DCE2 /* AppDelegate.swift */; };
		25F869E220CEB7E50048DCE2 /* ViewController.swift in Sources */ = {isa = PBXBuildFile; fileRef = 25F869E120CEB7E50048DCE2 /* ViewController.swift */; };
		25F869E720CEB7E60048DCE2 /* Assets.xcassets in Resources */ = {isa = PBXBuildFile; fileRef = 25F869E620CEB7E60048DCE2 /* Assets.xcassets */; };
		25F869F520CEB7E60048DCE2 /* CounterLabelTests.swift in Sources */ = {isa = PBXBuildFile; fileRef = 25F869F420CEB7E60048DCE2 /* CounterLabelTests.swift */; };
		25F86A0020CEB7E60048DCE2 /* CounterLabelUITests.swift in Sources */ = {isa = PBXBuildFile; fileRef = 25F869FF20CEB7E60048DCE2 /* CounterLabelUITests.swift */; };
/* End PBXBuildFile section */

/* Begin PBXContainerItemProxy section */
		25F869F120CEB7E60048DCE2 /* PBXContainerItemProxy */ = {
			isa = PBXContainerItemProxy;
			containerPortal = 25F869D420CEB7E50048DCE2 /* Project object */;
			proxyType = 1;
			remoteGlobalIDString = 25F869DB20CEB7E50048DCE2;
			remoteInfo = CounterLabel;
		};
		25F869FC20CEB7E60048DCE2 /* PBXContainerItemProxy */ = {
			isa = PBXContainerItemProxy;
			containerPortal = 25F869D420CEB7E50048DCE2 /* Project object */;
			proxyType = 1;
			remoteGlobalIDString = 25F869DB20CEB7E50048DCE2;
			remoteInfo = CounterLabel;
		};
/* End PBXContainerItemProxy section */

/* Begin PBXFileReference section */
		254B41C920CEBA1100A0982C /* LaunchScreen.storyboard */ = {isa = PBXFileReference; fileEncoding = 4; lastKnownFileType = file.storyboard; path = LaunchScreen.storyboard; sourceTree = "<group>"; };
		254B41CB20CEBA1B00A0982C /* Main.storyboard */ = {isa = PBXFileReference; fileEncoding = 4; lastKnownFileType = file.storyboard; path = Main.storyboard; sourceTree = "<group>"; };
		254B41CE20CEBC3F00A0982C /* CounterLabel.swift */ = {isa = PBXFileReference; lastKnownFileType = sourcecode.swift; path = CounterLabel.swift; sourceTree = "<group>"; };
		25F869DC20CEB7E50048DCE2 /* CounterLabel.app */ = {isa = PBXFileReference; explicitFileType = wrapper.application; includeInIndex = 0; path = CounterLabel.app; sourceTree = BUILT_PRODUCTS_DIR; };
		25F869DF20CEB7E50048DCE2 /* AppDelegate.swift */ = {isa = PBXFileReference; lastKnownFileType = sourcecode.swift; path = AppDelegate.swift; sourceTree = "<group>"; };
		25F869E120CEB7E50048DCE2 /* ViewController.swift */ = {isa = PBXFileReference; lastKnownFileType = sourcecode.swift; path = ViewController.swift; sourceTree = "<group>"; };
		25F869E620CEB7E60048DCE2 /* Assets.xcassets */ = {isa = PBXFileReference; lastKnownFileType = folder.assetcatalog; path = Assets.xcassets; sourceTree = "<group>"; };
		25F869EB20CEB7E60048DCE2 /* Info.plist */ = {isa = PBXFileReference; lastKnownFileType = text.plist.xml; path = Info.plist; sourceTree = "<group>"; };
		25F869F020CEB7E60048DCE2 /* CounterLabelTests.xctest */ = {isa = PBXFileReference; explicitFileType = wrapper.cfbundle; includeInIndex = 0; path = CounterLabelTests.xctest; sourceTree = BUILT_PRODUCTS_DIR; };
		25F869F420CEB7E60048DCE2 /* CounterLabelTests.swift */ = {isa = PBXFileReference; lastKnownFileType = sourcecode.swift; path = CounterLabelTests.swift; sourceTree = "<group>"; };
		25F869F620CEB7E60048DCE2 /* Info.plist */ = {isa = PBXFileReference; lastKnownFileType = text.plist.xml; path = Info.plist; sourceTree = "<group>"; };
		25F869FB20CEB7E60048DCE2 /* CounterLabelUITests.xctest */ = {isa = PBXFileReference; explicitFileType = wrapper.cfbundle; includeInIndex = 0; path = CounterLabelUITests.xctest; sourceTree = BUILT_PRODUCTS_DIR; };
		25F869FF20CEB7E60048DCE2 /* CounterLabelUITests.swift */ = {isa = PBXFileReference; lastKnownFileType = sourcecode.swift; path = CounterLabelUITests.swift; sourceTree = "<group>"; };
		25F86A0120CEB7E70048DCE2 /* Info.plist */ = {isa = PBXFileReference; lastKnownFileType = text.plist.xml; path = Info.plist; sourceTree = "<group>"; };
/* End PBXFileReference section */

/* Begin PBXFrameworksBuildPhase section */
		25F869D920CEB7E50048DCE2 /* Frameworks */ = {
			isa = PBXFrameworksBuildPhase;
			buildActionMask = 2147483647;
			files = (
			);
			runOnlyForDeploymentPostprocessing = 0;
		};
		25F869ED20CEB7E60048DCE2 /* Frameworks */ = {
			isa = PBXFrameworksBuildPhase;
			buildActionMask = 2147483647;
			files = (
			);
			runOnlyForDeploymentPostprocessing = 0;
		};
		25F869F820CEB7E60048DCE2 /* Frameworks */ = {
			isa = PBXFrameworksBuildPhase;
			buildActionMask = 2147483647;
			files = (
			);
			runOnlyForDeploymentPostprocessing = 0;
		};
/* End PBXFrameworksBuildPhase section */

/* Begin PBXGroup section */
		254B41C720CEB98600A0982C /* Resources */ = {
			isa = PBXGroup;
			children = (
				254B41C920CEBA1100A0982C /* LaunchScreen.storyboard */,
				25F869E620CEB7E60048DCE2 /* Assets.xcassets */,
				25F869EB20CEB7E60048DCE2 /* Info.plist */,
			);
			path = Resources;
			sourceTree = "<group>";
		};
		254B41C820CEB9A000A0982C /* Application */ = {
			isa = PBXGroup;
			children = (
				25F869DF20CEB7E50048DCE2 /* AppDelegate.swift */,
			);
			path = Application;
			sourceTree = "<group>";
		};
		254B41CD20CEBC1400A0982C /* Commons */ = {
			isa = PBXGroup;
			children = (
				254B41CE20CEBC3F00A0982C /* CounterLabel.swift */,
			);
			path = Commons;
			sourceTree = "<group>";
		};
		25F869D320CEB7E50048DCE2 = {
			isa = PBXGroup;
			children = (
				25F869DE20CEB7E50048DCE2 /* CounterLabel */,
				25F869F320CEB7E60048DCE2 /* CounterLabelTests */,
				25F869FE20CEB7E60048DCE2 /* CounterLabelUITests */,
				25F869DD20CEB7E50048DCE2 /* Products */,
			);
			sourceTree = "<group>";
		};
		25F869DD20CEB7E50048DCE2 /* Products */ = {
			isa = PBXGroup;
			children = (
				25F869DC20CEB7E50048DCE2 /* CounterLabel.app */,
				25F869F020CEB7E60048DCE2 /* CounterLabelTests.xctest */,
				25F869FB20CEB7E60048DCE2 /* CounterLabelUITests.xctest */,
			);
			name = Products;
			sourceTree = "<group>";
		};
		25F869DE20CEB7E50048DCE2 /* CounterLabel */ = {
			isa = PBXGroup;
			children = (
				254B41CD20CEBC1400A0982C /* Commons */,
				254B41C820CEB9A000A0982C /* Application */,
				254B41C720CEB98600A0982C /* Resources */,
				25F869E120CEB7E50048DCE2 /* ViewController.swift */,
				254B41CB20CEBA1B00A0982C /* Main.storyboard */,
			);
			path = CounterLabel;
			sourceTree = "<group>";
		};
		25F869F320CEB7E60048DCE2 /* CounterLabelTests */ = {
			isa = PBXGroup;
			children = (
				25F869F420CEB7E60048DCE2 /* CounterLabelTests.swift */,
				25F869F620CEB7E60048DCE2 /* Info.plist */,
			);
			path = CounterLabelTests;
			sourceTree = "<group>";
		};
		25F869FE20CEB7E60048DCE2 /* CounterLabelUITests */ = {
			isa = PBXGroup;
			children = (
				25F869FF20CEB7E60048DCE2 /* CounterLabelUITests.swift */,
				25F86A0120CEB7E70048DCE2 /* Info.plist */,
			);
			path = CounterLabelUITests;
			sourceTree = "<group>";
		};
/* End PBXGroup section */

/* Begin PBXNativeTarget section */
		25F869DB20CEB7E50048DCE2 /* CounterLabel */ = {
			isa = PBXNativeTarget;
			buildConfigurationList = 25F86A0420CEB7E70048DCE2 /* Build configuration list for PBXNativeTarget "CounterLabel" */;
			buildPhases = (
				25F869D820CEB7E50048DCE2 /* Sources */,
				25F869D920CEB7E50048DCE2 /* Frameworks */,
				25F869DA20CEB7E50048DCE2 /* Resources */,
			);
			buildRules = (
			);
			dependencies = (
			);
			name = CounterLabel;
			productName = CounterLabel;
			productReference = 25F869DC20CEB7E50048DCE2 /* CounterLabel.app */;
			productType = "com.apple.product-type.application";
		};
		25F869EF20CEB7E60048DCE2 /* CounterLabelTests */ = {
			isa = PBXNativeTarget;
			buildConfigurationList = 25F86A0720CEB7E70048DCE2 /* Build configuration list for PBXNativeTarget "CounterLabelTests" */;
			buildPhases = (
				25F869EC20CEB7E60048DCE2 /* Sources */,
				25F869ED20CEB7E60048DCE2 /* Frameworks */,
				25F869EE20CEB7E60048DCE2 /* Resources */,
			);
			buildRules = (
			);
			dependencies = (
				25F869F220CEB7E60048DCE2 /* PBXTargetDependency */,
			);
			name = CounterLabelTests;
			productName = CounterLabelTests;
			productReference = 25F869F020CEB7E60048DCE2 /* CounterLabelTests.xctest */;
			productType = "com.apple.product-type.bundle.unit-test";
		};
		25F869FA20CEB7E60048DCE2 /* CounterLabelUITests */ = {
			isa = PBXNativeTarget;
			buildConfigurationList = 25F86A0A20CEB7E70048DCE2 /* Build configuration list for PBXNativeTarget "CounterLabelUITests" */;
			buildPhases = (
				25F869F720CEB7E60048DCE2 /* Sources */,
				25F869F820CEB7E60048DCE2 /* Frameworks */,
				25F869F920CEB7E60048DCE2 /* Resources */,
			);
			buildRules = (
			);
			dependencies = (
				25F869FD20CEB7E60048DCE2 /* PBXTargetDependency */,
			);
			name = CounterLabelUITests;
			productName = CounterLabelUITests;
			productReference = 25F869FB20CEB7E60048DCE2 /* CounterLabelUITests.xctest */;
			productType = "com.apple.product-type.bundle.ui-testing";
		};
/* End PBXNativeTarget section */

/* Begin PBXProject section */
		25F869D420CEB7E50048DCE2 /* Project object */ = {
			isa = PBXProject;
			attributes = {
				LastSwiftUpdateCheck = 0940;
				LastUpgradeCheck = 0940;
				ORGANIZATIONNAME = "Caio Ortu";
				TargetAttributes = {
					25F869DB20CEB7E50048DCE2 = {
						CreatedOnToolsVersion = 9.4;
					};
					25F869EF20CEB7E60048DCE2 = {
						CreatedOnToolsVersion = 9.4;
						TestTargetID = 25F869DB20CEB7E50048DCE2;
					};
					25F869FA20CEB7E60048DCE2 = {
						CreatedOnToolsVersion = 9.4;
						TestTargetID = 25F869DB20CEB7E50048DCE2;
					};
				};
			};
			buildConfigurationList = 25F869D720CEB7E50048DCE2 /* Build configuration list for PBXProject "CounterLabel" */;
			compatibilityVersion = "Xcode 9.3";
			developmentRegion = en;
			hasScannedForEncodings = 0;
			knownRegions = (
				en,
				Base,
			);
			mainGroup = 25F869D320CEB7E50048DCE2;
			productRefGroup = 25F869DD20CEB7E50048DCE2 /* Products */;
			projectDirPath = "";
			projectRoot = "";
			targets = (
				25F869DB20CEB7E50048DCE2 /* CounterLabel */,
				25F869EF20CEB7E60048DCE2 /* CounterLabelTests */,
				25F869FA20CEB7E60048DCE2 /* CounterLabelUITests */,
			);
		};
/* End PBXProject section */

/* Begin PBXResourcesBuildPhase section */
		25F869DA20CEB7E50048DCE2 /* Resources */ = {
			isa = PBXResourcesBuildPhase;
			buildActionMask = 2147483647;
			files = (
				254B41CC20CEBA1B00A0982C /* Main.storyboard in Resources */,
				25F869E720CEB7E60048DCE2 /* Assets.xcassets in Resources */,
				254B41CA20CEBA1100A0982C /* LaunchScreen.storyboard in Resources */,
			);
			runOnlyForDeploymentPostprocessing = 0;
		};
		25F869EE20CEB7E60048DCE2 /* Resources */ = {
			isa = PBXResourcesBuildPhase;
			buildActionMask = 2147483647;
			files = (
			);
			runOnlyForDeploymentPostprocessing = 0;
		};
		25F869F920CEB7E60048DCE2 /* Resources */ = {
			isa = PBXResourcesBuildPhase;
			buildActionMask = 2147483647;
			files = (
			);
			runOnlyForDeploymentPostprocessing = 0;
		};
/* End PBXResourcesBuildPhase section */

/* Begin PBXSourcesBuildPhase section */
		25F869D820CEB7E50048DCE2 /* Sources */ = {
			isa = PBXSourcesBuildPhase;
			buildActionMask = 2147483647;
			files = (
				25F869E220CEB7E50048DCE2 /* ViewController.swift in Sources */,
				25F869E020CEB7E50048DCE2 /* AppDelegate.swift in Sources */,
				254B41CF20CEBC3F00A0982C /* CounterLabel.swift in Sources */,
			);
			runOnlyForDeploymentPostprocessing = 0;
		};
		25F869EC20CEB7E60048DCE2 /* Sources */ = {
			isa = PBXSourcesBuildPhase;
			buildActionMask = 2147483647;
			files = (
				25F869F520CEB7E60048DCE2 /* CounterLabelTests.swift in Sources */,
			);
			runOnlyForDeploymentPostprocessing = 0;
		};
		25F869F720CEB7E60048DCE2 /* Sources */ = {
			isa = PBXSourcesBuildPhase;
			buildActionMask = 2147483647;
			files = (
				25F86A0020CEB7E60048DCE2 /* CounterLabelUITests.swift in Sources */,
			);
			runOnlyForDeploymentPostprocessing = 0;
		};
/* End PBXSourcesBuildPhase section */

/* Begin PBXTargetDependency section */
		25F869F220CEB7E60048DCE2 /* PBXTargetDependency */ = {
			isa = PBXTargetDependency;
			target = 25F869DB20CEB7E50048DCE2 /* CounterLabel */;
			targetProxy = 25F869F120CEB7E60048DCE2 /* PBXContainerItemProxy */;
		};
		25F869FD20CEB7E60048DCE2 /* PBXTargetDependency */ = {
			isa = PBXTargetDependency;
			target = 25F869DB20CEB7E50048DCE2 /* CounterLabel */;
			targetProxy = 25F869FC20CEB7E60048DCE2 /* PBXContainerItemProxy */;
		};
/* End PBXTargetDependency section */

/* Begin XCBuildConfiguration section */
		25F86A0220CEB7E70048DCE2 /* Debug */ = {
			isa = XCBuildConfiguration;
			buildSettings = {
				ALWAYS_SEARCH_USER_PATHS = NO;
				CLANG_ANALYZER_NONNULL = YES;
				CLANG_ANALYZER_NUMBER_OBJECT_CONVERSION = YES_AGGRESSIVE;
				CLANG_CXX_LANGUAGE_STANDARD = "gnu++14";
				CLANG_CXX_LIBRARY = "libc++";
				CLANG_ENABLE_MODULES = YES;
				CLANG_ENABLE_OBJC_ARC = YES;
				CLANG_ENABLE_OBJC_WEAK = YES;
				CLANG_WARN_BLOCK_CAPTURE_AUTORELEASING = YES;
				CLANG_WARN_BOOL_CONVERSION = YES;
				CLANG_WARN_COMMA = YES;
				CLANG_WARN_CONSTANT_CONVERSION = YES;
				CLANG_WARN_DEPRECATED_OBJC_IMPLEMENTATIONS = YES;
				CLANG_WARN_DIRECT_OBJC_ISA_USAGE = YES_ERROR;
				CLANG_WARN_DOCUMENTATION_COMMENTS = YES;
				CLANG_WARN_EMPTY_BODY = YES;
				CLANG_WARN_ENUM_CONVERSION = YES;
				CLANG_WARN_INFINITE_RECURSION = YES;
				CLANG_WARN_INT_CONVERSION = YES;
				CLANG_WARN_NON_LITERAL_NULL_CONVERSION = YES;
				CLANG_WARN_OBJC_IMPLICIT_RETAIN_SELF = YES;
				CLANG_WARN_OBJC_LITERAL_CONVERSION = YES;
				CLANG_WARN_OBJC_ROOT_CLASS = YES_ERROR;
				CLANG_WARN_RANGE_LOOP_ANALYSIS = YES;
				CLANG_WARN_STRICT_PROTOTYPES = YES;
				CLANG_WARN_SUSPICIOUS_MOVE = YES;
				CLANG_WARN_UNGUARDED_AVAILABILITY = YES_AGGRESSIVE;
				CLANG_WARN_UNREACHABLE_CODE = YES;
				CLANG_WARN__DUPLICATE_METHOD_MATCH = YES;
				CODE_SIGN_IDENTITY = "iPhone Developer";
				COPY_PHASE_STRIP = NO;
				DEBUG_INFORMATION_FORMAT = dwarf;
				ENABLE_STRICT_OBJC_MSGSEND = YES;
				ENABLE_TESTABILITY = YES;
				GCC_C_LANGUAGE_STANDARD = gnu11;
				GCC_DYNAMIC_NO_PIC = NO;
				GCC_NO_COMMON_BLOCKS = YES;
				GCC_OPTIMIZATION_LEVEL = 0;
				GCC_PREPROCESSOR_DEFINITIONS = (
					"DEBUG=1",
					"$(inherited)",
				);
				GCC_WARN_64_TO_32_BIT_CONVERSION = YES;
				GCC_WARN_ABOUT_RETURN_TYPE = YES_ERROR;
				GCC_WARN_UNDECLARED_SELECTOR = YES;
				GCC_WARN_UNINITIALIZED_AUTOS = YES_AGGRESSIVE;
				GCC_WARN_UNUSED_FUNCTION = YES;
				GCC_WARN_UNUSED_VARIABLE = YES;
				IPHONEOS_DEPLOYMENT_TARGET = 11.4;
				MTL_ENABLE_DEBUG_INFO = YES;
				ONLY_ACTIVE_ARCH = YES;
				SDKROOT = iphoneos;
				SWIFT_ACTIVE_COMPILATION_CONDITIONS = DEBUG;
				SWIFT_OPTIMIZATION_LEVEL = "-Onone";
			};
			name = Debug;
		};
		25F86A0320CEB7E70048DCE2 /* Release */ = {
			isa = XCBuildConfiguration;
			buildSettings = {
				ALWAYS_SEARCH_USER_PATHS = NO;
				CLANG_ANALYZER_NONNULL = YES;
				CLANG_ANALYZER_NUMBER_OBJECT_CONVERSION = YES_AGGRESSIVE;
				CLANG_CXX_LANGUAGE_STANDARD = "gnu++14";
				CLANG_CXX_LIBRARY = "libc++";
				CLANG_ENABLE_MODULES = YES;
				CLANG_ENABLE_OBJC_ARC = YES;
				CLANG_ENABLE_OBJC_WEAK = YES;
				CLANG_WARN_BLOCK_CAPTURE_AUTORELEASING = YES;
				CLANG_WARN_BOOL_CONVERSION = YES;
				CLANG_WARN_COMMA = YES;
				CLANG_WARN_CONSTANT_CONVERSION = YES;
				CLANG_WARN_DEPRECATED_OBJC_IMPLEMENTATIONS = YES;
				CLANG_WARN_DIRECT_OBJC_ISA_USAGE = YES_ERROR;
				CLANG_WARN_DOCUMENTATION_COMMENTS = YES;
				CLANG_WARN_EMPTY_BODY = YES;
				CLANG_WARN_ENUM_CONVERSION = YES;
				CLANG_WARN_INFINITE_RECURSION = YES;
				CLANG_WARN_INT_CONVERSION = YES;
				CLANG_WARN_NON_LITERAL_NULL_CONVERSION = YES;
				CLANG_WARN_OBJC_IMPLICIT_RETAIN_SELF = YES;
				CLANG_WARN_OBJC_LITERAL_CONVERSION = YES;
				CLANG_WARN_OBJC_ROOT_CLASS = YES_ERROR;
				CLANG_WARN_RANGE_LOOP_ANALYSIS = YES;
				CLANG_WARN_STRICT_PROTOTYPES = YES;
				CLANG_WARN_SUSPICIOUS_MOVE = YES;
				CLANG_WARN_UNGUARDED_AVAILABILITY = YES_AGGRESSIVE;
				CLANG_WARN_UNREACHABLE_CODE = YES;
				CLANG_WARN__DUPLICATE_METHOD_MATCH = YES;
				CODE_SIGN_IDENTITY = "iPhone Developer";
				COPY_PHASE_STRIP = NO;
				DEBUG_INFORMATION_FORMAT = "dwarf-with-dsym";
				ENABLE_NS_ASSERTIONS = NO;
				ENABLE_STRICT_OBJC_MSGSEND = YES;
				GCC_C_LANGUAGE_STANDARD = gnu11;
				GCC_NO_COMMON_BLOCKS = YES;
				GCC_WARN_64_TO_32_BIT_CONVERSION = YES;
				GCC_WARN_ABOUT_RETURN_TYPE = YES_ERROR;
				GCC_WARN_UNDECLARED_SELECTOR = YES;
				GCC_WARN_UNINITIALIZED_AUTOS = YES_AGGRESSIVE;
				GCC_WARN_UNUSED_FUNCTION = YES;
				GCC_WARN_UNUSED_VARIABLE = YES;
				IPHONEOS_DEPLOYMENT_TARGET = 11.4;
				MTL_ENABLE_DEBUG_INFO = NO;
				SDKROOT = iphoneos;
				SWIFT_COMPILATION_MODE = wholemodule;
				SWIFT_OPTIMIZATION_LEVEL = "-O";
				VALIDATE_PRODUCT = YES;
			};
			name = Release;
		};
		25F86A0520CEB7E70048DCE2 /* Debug */ = {
			isa = XCBuildConfiguration;
			buildSettings = {
				ASSETCATALOG_COMPILER_APPICON_NAME = AppIcon;
				CODE_SIGN_STYLE = Automatic;
				DEVELOPMENT_TEAM = C589G3PG8Y;
				INFOPLIST_FILE = "$(SRCROOT)/CounterLabel/Resources/Info.plist";
				LD_RUNPATH_SEARCH_PATHS = (
					"$(inherited)",
					"@executable_path/Frameworks",
				);
				PRODUCT_BUNDLE_IDENTIFIER = com.ortucaio.CounterLabel;
				PRODUCT_NAME = "$(TARGET_NAME)";
				SWIFT_VERSION = 4.0;
				TARGETED_DEVICE_FAMILY = "1,2";
			};
			name = Debug;
		};
		25F86A0620CEB7E70048DCE2 /* Release */ = {
			isa = XCBuildConfiguration;
			buildSettings = {
				ASSETCATALOG_COMPILER_APPICON_NAME = AppIcon;
				CODE_SIGN_STYLE = Automatic;
				DEVELOPMENT_TEAM = C589G3PG8Y;
				INFOPLIST_FILE = "$(SRCROOT)/CounterLabel/Resources/Info.plist";
				LD_RUNPATH_SEARCH_PATHS = (
					"$(inherited)",
					"@executable_path/Frameworks",
				);
				PRODUCT_BUNDLE_IDENTIFIER = com.ortucaio.CounterLabel;
				PRODUCT_NAME = "$(TARGET_NAME)";
				SWIFT_VERSION = 4.0;
				TARGETED_DEVICE_FAMILY = "1,2";
			};
			name = Release;
		};
		25F86A0820CEB7E70048DCE2 /* Debug */ = {
			isa = XCBuildConfiguration;
			buildSettings = {
				ALWAYS_EMBED_SWIFT_STANDARD_LIBRARIES = YES;
				BUNDLE_LOADER = "$(TEST_HOST)";
				CODE_SIGN_STYLE = Automatic;
				DEVELOPMENT_TEAM = C589G3PG8Y;
				INFOPLIST_FILE = CounterLabelTests/Info.plist;
				LD_RUNPATH_SEARCH_PATHS = (
					"$(inherited)",
					"@executable_path/Frameworks",
					"@loader_path/Frameworks",
				);
				PRODUCT_BUNDLE_IDENTIFIER = com.ortucaio.CounterLabelTests;
				PRODUCT_NAME = "$(TARGET_NAME)";
				SWIFT_VERSION = 4.0;
				TARGETED_DEVICE_FAMILY = "1,2";
				TEST_HOST = "$(BUILT_PRODUCTS_DIR)/CounterLabel.app/CounterLabel";
			};
			name = Debug;
		};
		25F86A0920CEB7E70048DCE2 /* Release */ = {
			isa = XCBuildConfiguration;
			buildSettings = {
				ALWAYS_EMBED_SWIFT_STANDARD_LIBRARIES = YES;
				BUNDLE_LOADER = "$(TEST_HOST)";
				CODE_SIGN_STYLE = Automatic;
				DEVELOPMENT_TEAM = C589G3PG8Y;
				INFOPLIST_FILE = CounterLabelTests/Info.plist;
				LD_RUNPATH_SEARCH_PATHS = (
					"$(inherited)",
					"@executable_path/Frameworks",
					"@loader_path/Frameworks",
				);
				PRODUCT_BUNDLE_IDENTIFIER = com.ortucaio.CounterLabelTests;
				PRODUCT_NAME = "$(TARGET_NAME)";
				SWIFT_VERSION = 4.0;
				TARGETED_DEVICE_FAMILY = "1,2";
				TEST_HOST = "$(BUILT_PRODUCTS_DIR)/CounterLabel.app/CounterLabel";
			};
			name = Release;
		};
		25F86A0B20CEB7E70048DCE2 /* Debug */ = {
			isa = XCBuildConfiguration;
			buildSettings = {
				ALWAYS_EMBED_SWIFT_STANDARD_LIBRARIES = YES;
				CODE_SIGN_STYLE = Automatic;
				DEVELOPMENT_TEAM = C589G3PG8Y;
				INFOPLIST_FILE = CounterLabelUITests/Info.plist;
				LD_RUNPATH_SEARCH_PATHS = (
					"$(inherited)",
					"@executable_path/Frameworks",
					"@loader_path/Frameworks",
				);
				PRODUCT_BUNDLE_IDENTIFIER = com.ortucaio.CounterLabelUITests;
				PRODUCT_NAME = "$(TARGET_NAME)";
				SWIFT_VERSION = 4.0;
				TARGETED_DEVICE_FAMILY = "1,2";
				TEST_TARGET_NAME = CounterLabel;
			};
			name = Debug;
		};
		25F86A0C20CEB7E70048DCE2 /* Release */ = {
			isa = XCBuildConfiguration;
			buildSettings = {
				ALWAYS_EMBED_SWIFT_STANDARD_LIBRARIES = YES;
				CODE_SIGN_STYLE = Automatic;
				DEVELOPMENT_TEAM = C589G3PG8Y;
				INFOPLIST_FILE = CounterLabelUITests/Info.plist;
				LD_RUNPATH_SEARCH_PATHS = (
					"$(inherited)",
					"@executable_path/Frameworks",
					"@loader_path/Frameworks",
				);
				PRODUCT_BUNDLE_IDENTIFIER = com.ortucaio.CounterLabelUITests;
				PRODUCT_NAME = "$(TARGET_NAME)";
				SWIFT_VERSION = 4.0;
				TARGETED_DEVICE_FAMILY = "1,2";
				TEST_TARGET_NAME = CounterLabel;
			};
			name = Release;
		};
/* End XCBuildConfiguration section */

/* Begin XCConfigurationList section */
		25F869D720CEB7E50048DCE2 /* Build configuration list for PBXProject "CounterLabel" */ = {
			isa = XCConfigurationList;
			buildConfigurations = (
				25F86A0220CEB7E70048DCE2 /* Debug */,
				25F86A0320CEB7E70048DCE2 /* Release */,
			);
			defaultConfigurationIsVisible = 0;
			defaultConfigurationName = Release;
		};
		25F86A0420CEB7E70048DCE2 /* Build configuration list for PBXNativeTarget "CounterLabel" */ = {
			isa = XCConfigurationList;
			buildConfigurations = (
				25F86A0520CEB7E70048DCE2 /* Debug */,
				25F86A0620CEB7E70048DCE2 /* Release */,
			);
			defaultConfigurationIsVisible = 0;
			defaultConfigurationName = Release;
		};
		25F86A0720CEB7E70048DCE2 /* Build configuration list for PBXNativeTarget "CounterLabelTests" */ = {
			isa = XCConfigurationList;
			buildConfigurations = (
				25F86A0820CEB7E70048DCE2 /* Debug */,
				25F86A0920CEB7E70048DCE2 /* Release */,
			);
			defaultConfigurationIsVisible = 0;
			defaultConfigurationName = Release;
		};
		25F86A0A20CEB7E70048DCE2 /* Build configuration list for PBXNativeTarget "CounterLabelUITests" */ = {
			isa = XCConfigurationList;
			buildConfigurations = (
				25F86A0B20CEB7E70048DCE2 /* Debug */,
				25F86A0C20CEB7E70048DCE2 /* Release */,
			);
			defaultConfigurationIsVisible = 0;
			defaultConfigurationName = Release;
		};
/* End XCConfigurationList section */
	};
	rootObject = 25F869D420CEB7E50048DCE2 /* Project object */;
}
